<?xml version="1.0" encoding="utf-8"?>
<Project ToolsVersion="4.0" xmlns="http://schemas.microsoft.com/developer/msbuild/2003">
  <ItemGroup>
    <Filter Include="Source Files">
      <UniqueIdentifier>{4FC737F1-C7A5-4376-A066-2A32D752A2FF}</UniqueIdentifier>
      <Extensions>cpp;c;cc;cxx;def;odl;idl;hpj;bat;asm;asmx</Extensions>
    </Filter>
    <Filter Include="Header Files">
      <UniqueIdentifier>{93995380-89BD-4b04-88EB-625FBE52EBFB}</UniqueIdentifier>
      <Extensions>h;hh;hpp;hxx;hm;inl;inc;ipp;xsd</Extensions>
    </Filter>
    <Filter Include="Resource Files">
      <UniqueIdentifier>{67DA6AB6-F800-4c08-8B7A-83BB121AAD01}</UniqueIdentifier>
      <Extensions>rc;ico;cur;bmp;dlg;rc2;rct;bin;rgs;gif;jpg;jpeg;jpe;resx;tiff;tif;png;wav;mfcribbon-ms</Extensions>
    </Filter>
    <Filter Include="Header Files\week1">
      <UniqueIdentifier>{8f00f9f8-9780-488c-bb7a-7b0c5fa6cd12}</UniqueIdentifier>
    </Filter>
    <Filter Include="Header Files\week2">
      <UniqueIdentifier>{edf38953-ba4b-46e4-8acf-92ab9942af75}</UniqueIdentifier>
    </Filter>
    <Filter Include="Header Files\arrays">
      <UniqueIdentifier>{e1c847e1-69e8-4e54-908c-77e3710eabaf}</UniqueIdentifier>
    </Filter>
    <Filter Include="Header Files\recursion">
      <UniqueIdentifier>{fb7537f4-ad20-408f-ba70-e22abf5b941d}</UniqueIdentifier>
    </Filter>
    <Filter Include="Header Files\august">
      <UniqueIdentifier>{d4b7e095-ad94-45d1-a43c-4b1369ddcd19}</UniqueIdentifier>
    </Filter>
    <Filter Include="Header Files\august\week1">
      <UniqueIdentifier>{43f11179-7fb1-499d-a4ce-1b2fd9f15aea}</UniqueIdentifier>
    </Filter>
    <Filter Include="Header Files\bloomberg">
      <UniqueIdentifier>{9c7eb682-9c41-4413-89bf-899bcc15dfad}</UniqueIdentifier>
    </Filter>
    <Filter Include="Header Files\testbench">
      <UniqueIdentifier>{19eba42e-3f14-4475-bb42-5f4042aa50b1}</UniqueIdentifier>
    </Filter>
    <Filter Include="Header Files\design">
      <UniqueIdentifier>{1f44d8d4-ffac-494b-bae1-21f0f1d8cd3e}</UniqueIdentifier>
    </Filter>
    <Filter Include="Header Files\trees">
      <UniqueIdentifier>{aee0ca30-b5ac-4706-b470-51344988091a}</UniqueIdentifier>
    </Filter>
  </ItemGroup>
  <ItemGroup>
    <ClCompile Include="TestLeetCode.cpp">
      <Filter>Source Files</Filter>
    </ClCompile>
  </ItemGroup>
  <ItemGroup>
    <ClInclude Include="week1\test1-1.hpp">
      <Filter>Header Files\week1</Filter>
    </ClInclude>
    <ClInclude Include="week1\test1-2.hpp">
      <Filter>Header Files\week1</Filter>
    </ClInclude>
    <ClInclude Include="week1\test1-3.hpp">
      <Filter>Header Files\week1</Filter>
    </ClInclude>
    <ClInclude Include="week1\test1-5.hpp">
      <Filter>Header Files\week1</Filter>
    </ClInclude>
    <ClInclude Include="week1\test1-7.hpp">
      <Filter>Header Files\week1</Filter>
    </ClInclude>
    <ClInclude Include="week2\test2-1.hpp">
      <Filter>Header Files\week2</Filter>
    </ClInclude>
    <ClInclude Include="week2\test2-2.hpp">
      <Filter>Header Files\week2</Filter>
    </ClInclude>
    <ClInclude Include="week2\test2-3.hpp">
      <Filter>Header Files\week2</Filter>
    </ClInclude>
    <ClInclude Include="week2\test2-4.hpp">
      <Filter>Header Files\week2</Filter>
    </ClInclude>
    <ClInclude Include="week2\test2-5.hpp">
      <Filter>Header Files\week2</Filter>
    </ClInclude>
    <ClInclude Include="array\testArray.hpp">
      <Filter>Header Files\arrays</Filter>
    </ClInclude>
    <ClInclude Include="recursion\testRecursion.hpp">
      <Filter>Header Files\recursion</Filter>
    </ClInclude>
    <ClInclude Include="recursion\testRecurrence.hpp">
      <Filter>Header Files\recursion</Filter>
    </ClInclude>
    <ClInclude Include="recursion\testMemoization.hpp">
      <Filter>Header Files\recursion</Filter>
    </ClInclude>
    <ClInclude Include="august\week1\test1.hpp">
      <Filter>Header Files\august\week1</Filter>
    </ClInclude>
    <ClInclude Include="august\week1\test2.hpp">
      <Filter>Header Files\august\week1</Filter>
    </ClInclude>
    <ClInclude Include="bloomberg\test1.hpp">
      <Filter>Header Files\bloomberg</Filter>
    </ClInclude>
    <ClInclude Include="bloomberg\test2.hpp">
      <Filter>Header Files\bloomberg</Filter>
    </ClInclude>
    <ClInclude Include="bloomberg\test3.hpp">
      <Filter>Header Files\bloomberg</Filter>
    </ClInclude>
    <ClInclude Include="bloomberg\test4.hpp">
      <Filter>Header Files\bloomberg</Filter>
    </ClInclude>
    <ClInclude Include="bloomberg\test5.hpp">
      <Filter>Header Files\bloomberg</Filter>
    </ClInclude>
    <ClInclude Include="testbench\testbench1.hpp">
      <Filter>Header Files\testbench</Filter>
    </ClInclude>
    <ClInclude Include="design\testDesign.hpp">
      <Filter>Header Files\design</Filter>
    </ClInclude>
    <ClInclude Include="trees\testTrees.hpp">
      <Filter>Header Files\trees</Filter>
    </ClInclude>
  </ItemGroup>
</Project>